{
  "version": 1,
  "dependencies": {
    "net10.0": {
      "Microsoft.Bcl.AsyncInterfaces": {
        "type": "Transitive",
        "resolved": "6.0.0",
        "contentHash": "UcSjPsst+DfAdJGVDsu346FX0ci0ah+lw3WRtn18NUwEqRt70HaOQ7lI72vy3+1LxtqI3T5GWwV39rQSrCzAeg=="
      },
      "Patchright": {
        "type": "Transitive",
        "resolved": "1.56.0",
        "contentHash": "BXGQLUQJ1zob315anMuohAwl4/MDTOkzFxk5+3L02xLk9uI9/i4Bdz2qlEhgp4BWrB4aKnVL1/1iAAwotLN2sA==",
        "dependencies": {
          "Microsoft.Bcl.AsyncInterfaces": "6.0.0",
          "System.ComponentModel.Annotations": "5.0.0"
        }
      },
      "System.ComponentModel.Annotations": {
        "type": "Transitive",
        "resolved": "5.0.0",
        "contentHash": "dMkqfy2el8A8/I76n2Hi1oBFEbG1SfxD2l5nhwXV3XjlnOmwxJlQbYpJH4W51odnU9sARCSAgv7S3CyAFMkpYg=="
      },
      "watchdog.core": {
        "type": "Project",
        "dependencies": {
          "Patchright": "[1.56.0, )"
        }
      }
    }
  }
}